
Microsoft Visual Studio Solution File, Format Version 12.00
# Visual Studio 15
VisualStudioVersion = 15.0.28010.2036
MinimumVisualStudioVersion = 10.0.40219.1
Project("{FAE04EC0-301F-11D3-BF4B-00C04F79EFBC}") = "OddOneOut", "OddOneOut\OddOneOut.csproj", "{E55550CE-01AE-49B6-B6BA-27E3B83E8A14}"
EndProject
Global
	GlobalSection(SolutionConfigurationPlatforms) = preSolution
		Debug|Any CPU = Debug|Any CPU
		Release|Any CPU = Release|Any CPU
	EndGlobalSection
	GlobalSection(ProjectConfigurationPlatforms) = postSolution
		{E55550CE-01AE-49B6-B6BA-27E3B83E8A14}.Debug|Any CPU.ActiveCfg = Debug|Any CPU
		{E55550CE-01AE-49B6-B6BA-27E3B83E8A14}.Debug|Any CPU.Build.0 = Debug|Any CPU
		{E55550CE-01AE-49B6-B6BA-27E3B83E8A14}.Release|Any CPU.ActiveCfg = Release|Any CPU
		{E55550CE-01AE-49B6-B6BA-27E3B83E8A14}.Release|Any CPU.Build.0 = Release|Any CPU
	EndGlobalSection
	GlobalSection(SolutionProperties) = preSolution
		HideSolutionNode = FALSE
	EndGlobalSection
	GlobalSection(ExtensibilityGlobals) = postSolution
		SolutionGuid = {F257AECB-55C9-4885-B0E9-DA53F84605D4}
	EndGlobalSection
EndGlobal
