
Microsoft Visual Studio Solution File, Format Version 12.00
# Visual Studio 15
VisualStudioVersion = 15.0.28010.2036
MinimumVisualStudioVersion = 10.0.40219.1
Project("{FAE04EC0-301F-11D3-BF4B-00C04F79EFBC}") = "TheSecondDimension", "TheSecondDimension\TheSecondDimension.csproj", "{373A0134-AFCF-4826-B443-79DE9C3AC874}"
EndProject
Global
	GlobalSection(SolutionConfigurationPlatforms) = preSolution
		Debug|Any CPU = Debug|Any CPU
		Release|Any CPU = Release|Any CPU
	EndGlobalSection
	GlobalSection(ProjectConfigurationPlatforms) = postSolution
		{373A0134-AFCF-4826-B443-79DE9C3AC874}.Debug|Any CPU.ActiveCfg = Debug|Any CPU
		{373A0134-AFCF-4826-B443-79DE9C3AC874}.Debug|Any CPU.Build.0 = Debug|Any CPU
		{373A0134-AFCF-4826-B443-79DE9C3AC874}.Release|Any CPU.ActiveCfg = Release|Any CPU
		{373A0134-AFCF-4826-B443-79DE9C3AC874}.Release|Any CPU.Build.0 = Release|Any CPU
	EndGlobalSection
	GlobalSection(SolutionProperties) = preSolution
		HideSolutionNode = FALSE
	EndGlobalSection
	GlobalSection(ExtensibilityGlobals) = postSolution
		SolutionGuid = {EE235749-73A8-40B9-9EA3-3A7A7070CE57}
	EndGlobalSection
EndGlobal
