
Microsoft Visual Studio Solution File, Format Version 12.00
# Visual Studio 15
VisualStudioVersion = 15.0.28010.2036
MinimumVisualStudioVersion = 10.0.40219.1
Project("{FAE04EC0-301F-11D3-BF4B-00C04F79EFBC}") = "ToTheMax!", "ToTheMax!\ToTheMax!.csproj", "{179697EE-76F8-4C78-A40C-D535D455F38F}"
EndProject
Global
	GlobalSection(SolutionConfigurationPlatforms) = preSolution
		Debug|Any CPU = Debug|Any CPU
		Release|Any CPU = Release|Any CPU
	EndGlobalSection
	GlobalSection(ProjectConfigurationPlatforms) = postSolution
		{179697EE-76F8-4C78-A40C-D535D455F38F}.Debug|Any CPU.ActiveCfg = Debug|Any CPU
		{179697EE-76F8-4C78-A40C-D535D455F38F}.Debug|Any CPU.Build.0 = Debug|Any CPU
		{179697EE-76F8-4C78-A40C-D535D455F38F}.Release|Any CPU.ActiveCfg = Release|Any CPU
		{179697EE-76F8-4C78-A40C-D535D455F38F}.Release|Any CPU.Build.0 = Release|Any CPU
	EndGlobalSection
	GlobalSection(SolutionProperties) = preSolution
		HideSolutionNode = FALSE
	EndGlobalSection
	GlobalSection(ExtensibilityGlobals) = postSolution
		SolutionGuid = {0DC092EE-D4A0-4797-AF34-43F59D67C88B}
	EndGlobalSection
EndGlobal
